
Microsoft Visual Studio Solution File, Format Version 12.00
# Visual Studio Version 17
VisualStudioVersion = 17.5.002.0
MinimumVisualStudioVersion = 10.0.40219.1
Project("{9A19103F-16F7-4668-BE54-9A1E7A4F7556}") = "cs_raylib_cibles2", "cs_raylib_cibles2.csproj", "{33A51BB6-C55E-4D49-AD9C-A79CE432ABB4}"
EndProject
Global
	GlobalSection(SolutionConfigurationPlatforms) = preSolution
		Debug|Any CPU = Debug|Any CPU
		Release|Any CPU = Release|Any CPU
	EndGlobalSection
	GlobalSection(ProjectConfigurationPlatforms) = postSolution
		{33A51BB6-C55E-4D49-AD9C-A79CE432ABB4}.Debug|Any CPU.ActiveCfg = Debug|Any CPU
		{33A51BB6-C55E-4D49-AD9C-A79CE432ABB4}.Debug|Any CPU.Build.0 = Debug|Any CPU
		{33A51BB6-C55E-4D49-AD9C-A79CE432ABB4}.Release|Any CPU.ActiveCfg = Release|Any CPU
		{33A51BB6-C55E-4D49-AD9C-A79CE432ABB4}.Release|Any CPU.Build.0 = Release|Any CPU
	EndGlobalSection
	GlobalSection(SolutionProperties) = preSolution
		HideSolutionNode = FALSE
	EndGlobalSection
	GlobalSection(ExtensibilityGlobals) = postSolution
		SolutionGuid = {86A10C33-78BE-4E38-91C9-B37BC066679D}
	EndGlobalSection
EndGlobal
